
Microsoft Visual Studio Solution File, Format Version 12.00
# Visual Studio 15
VisualStudioVersion = 15.0.27703.2026
MinimumVisualStudioVersion = 10.0.40219.1
Project("{FAE04EC0-301F-11D3-BF4B-00C04F79EFBC}") = "PLCS_Gateway", "PLCS_Gateway\PLCS_Gateway.csproj", "{23E27845-918C-4220-B407-11F097FE6992}"
EndProject
Global
	GlobalSection(SolutionConfigurationPlatforms) = preSolution
		Debug|Any CPU = Debug|Any CPU
		Release|Any CPU = Release|Any CPU
	EndGlobalSection
	GlobalSection(ProjectConfigurationPlatforms) = postSolution
		{23E27845-918C-4220-B407-11F097FE6992}.Debug|Any CPU.ActiveCfg = Debug|Any CPU
		{23E27845-918C-4220-B407-11F097FE6992}.Debug|Any CPU.Build.0 = Debug|Any CPU
		{23E27845-918C-4220-B407-11F097FE6992}.Release|Any CPU.ActiveCfg = Release|Any CPU
		{23E27845-918C-4220-B407-11F097FE6992}.Release|Any CPU.Build.0 = Release|Any CPU
	EndGlobalSection
	GlobalSection(SolutionProperties) = preSolution
		HideSolutionNode = FALSE
	EndGlobalSection
	GlobalSection(ExtensibilityGlobals) = postSolution
		SolutionGuid = {A83F154A-ED56-4B21-81E6-FC9414C2923E}
	EndGlobalSection
EndGlobal
